
Microsoft Visual Studio Solution File, Format Version 12.00
# Visual Studio 15
VisualStudioVersion = 15.0.28307.1000
MinimumVisualStudioVersion = 10.0.40219.1
Project("{FAE04EC0-301F-11D3-BF4B-00C04F79EFBC}") = "GiftCards", "GiftCards\GiftCards.csproj", "{B4852510-EC24-4ED2-9EDC-050F9FA24428}"
EndProject
Project("{FAE04EC0-301F-11D3-BF4B-00C04F79EFBC}") = "GiftCards.DataLayer", "GiftCards.DataLayer\GiftCards.DataLayer.csproj", "{5687EA0C-7DFF-4526-9C39-CE25E6D308DD}"
EndProject
Project("{FAE04EC0-301F-11D3-BF4B-00C04F79EFBC}") = "GiftCards.BusinessLayer", "GiftCards.BusinessLayer\GiftCards.BusinessLayer.csproj", "{72385C8B-5600-46B5-B2BB-2E8404FBF3C0}"
EndProject
Project("{FAE04EC0-301F-11D3-BF4B-00C04F79EFBC}") = "GiftCards.Entities", "GiftCards.Entities\GiftCards.Entities.csproj", "{834BAF8E-B077-4518-997F-CBA4C8E05731}"
EndProject
Project("{FAE04EC0-301F-11D3-BF4B-00C04F79EFBC}") = "GiftCards.Tests", "GiftCards.Tests\GiftCards.Tests.csproj", "{42C71189-2043-4C2D-8CDC-0FEE2ECFA263}"
EndProject
Global
	GlobalSection(SolutionConfigurationPlatforms) = preSolution
		Debug|Any CPU = Debug|Any CPU
		Release|Any CPU = Release|Any CPU
	EndGlobalSection
	GlobalSection(ProjectConfigurationPlatforms) = postSolution
		{B4852510-EC24-4ED2-9EDC-050F9FA24428}.Debug|Any CPU.ActiveCfg = Debug|Any CPU
		{B4852510-EC24-4ED2-9EDC-050F9FA24428}.Debug|Any CPU.Build.0 = Debug|Any CPU
		{B4852510-EC24-4ED2-9EDC-050F9FA24428}.Release|Any CPU.ActiveCfg = Release|Any CPU
		{B4852510-EC24-4ED2-9EDC-050F9FA24428}.Release|Any CPU.Build.0 = Release|Any CPU
		{5687EA0C-7DFF-4526-9C39-CE25E6D308DD}.Debug|Any CPU.ActiveCfg = Debug|Any CPU
		{5687EA0C-7DFF-4526-9C39-CE25E6D308DD}.Debug|Any CPU.Build.0 = Debug|Any CPU
		{5687EA0C-7DFF-4526-9C39-CE25E6D308DD}.Release|Any CPU.ActiveCfg = Release|Any CPU
		{5687EA0C-7DFF-4526-9C39-CE25E6D308DD}.Release|Any CPU.Build.0 = Release|Any CPU
		{72385C8B-5600-46B5-B2BB-2E8404FBF3C0}.Debug|Any CPU.ActiveCfg = Debug|Any CPU
		{72385C8B-5600-46B5-B2BB-2E8404FBF3C0}.Debug|Any CPU.Build.0 = Debug|Any CPU
		{72385C8B-5600-46B5-B2BB-2E8404FBF3C0}.Release|Any CPU.ActiveCfg = Release|Any CPU
		{72385C8B-5600-46B5-B2BB-2E8404FBF3C0}.Release|Any CPU.Build.0 = Release|Any CPU
		{834BAF8E-B077-4518-997F-CBA4C8E05731}.Debug|Any CPU.ActiveCfg = Debug|Any CPU
		{834BAF8E-B077-4518-997F-CBA4C8E05731}.Debug|Any CPU.Build.0 = Debug|Any CPU
		{834BAF8E-B077-4518-997F-CBA4C8E05731}.Release|Any CPU.ActiveCfg = Release|Any CPU
		{834BAF8E-B077-4518-997F-CBA4C8E05731}.Release|Any CPU.Build.0 = Release|Any CPU
		{42C71189-2043-4C2D-8CDC-0FEE2ECFA263}.Debug|Any CPU.ActiveCfg = Debug|Any CPU
		{42C71189-2043-4C2D-8CDC-0FEE2ECFA263}.Debug|Any CPU.Build.0 = Debug|Any CPU
		{42C71189-2043-4C2D-8CDC-0FEE2ECFA263}.Release|Any CPU.ActiveCfg = Release|Any CPU
		{42C71189-2043-4C2D-8CDC-0FEE2ECFA263}.Release|Any CPU.Build.0 = Release|Any CPU
	EndGlobalSection
	GlobalSection(SolutionProperties) = preSolution
		HideSolutionNode = FALSE
	EndGlobalSection
	GlobalSection(ExtensibilityGlobals) = postSolution
		SolutionGuid = {46A1EB4B-80D5-4F4B-97DD-9B83FC38213A}
	EndGlobalSection
EndGlobal
